// !$*UTF8*$!
{
	archiveVersion = 1;
	classes = {
	};
	objectVersion = 77;
	objects = {

/* Begin PBXContainerItemProxy section */
		06AEB9CA2CE488A700D32DF3 /* PBXContainerItemProxy */ = {
			isa = PBXContainerItemProxy;
			containerPortal = 06AEB9AB2CE488A000D32DF3 /* Project object */;
			proxyType = 1;
			remoteGlobalIDString = 06AEB9B22CE488A000D32DF3;
			remoteInfo = BMI_ljh;
		};
		06AEB9D42CE488A700D32DF3 /* PBXContainerItemProxy */ = {
			isa = PBXContainerItemProxy;
			containerPortal = 06AEB9AB2CE488A000D32DF3 /* Project object */;
			proxyType = 1;
			remoteGlobalIDString = 06AEB9B22CE488A000D32DF3;
			remoteInfo = BMI_ljh;
		};
/* End PBXContainerItemProxy section */

/* Begin PBXFileReference section */
		06AEB9B32CE488A000D32DF3 /* BMI_ljh.app */ = {isa = PBXFileReference; explicitFileType = wrapper.application; includeInIndex = 0; path = BMI_ljh.app; sourceTree = BUILT_PRODUCTS_DIR; };
		06AEB9C92CE488A700D32DF3 /* BMI_ljhTests.xctest */ = {isa = PBXFileReference; explicitFileType = wrapper.cfbundle; includeInIndex = 0; path = BMI_ljhTests.xctest; sourceTree = BUILT_PRODUCTS_DIR; };
		06AEB9D32CE488A700D32DF3 /* BMI_ljhUITests.xctest */ = {isa = PBXFileReference; explicitFileType = wrapper.cfbundle; includeInIndex = 0; path = BMI_ljhUITests.xctest; sourceTree = BUILT_PRODUCTS_DIR; };
/* End PBXFileReference section */

/* Begin PBXFileSystemSynchronizedBuildFileExceptionSet section */
		06AEB9DB2CE488A700D32DF3 /* Exceptions for "BMI_ljh" folder in "BMI_ljh" target */ = {
			isa = PBXFileSystemSynchronizedBuildFileExceptionSet;
			membershipExceptions = (
				Info.plist,
			);
			target = 06AEB9B22CE488A000D32DF3 /* BMI_ljh */;
		};
/* End PBXFileSystemSynchronizedBuildFileExceptionSet section */

/* Begin PBXFileSystemSynchronizedRootGroup section */
		06AEB9B52CE488A000D32DF3 /* BMI_ljh */ = {
			isa = PBXFileSystemSynchronizedRootGroup;
			exceptions = (
				06AEB9DB2CE488A700D32DF3 /* Exceptions for "BMI_ljh" folder in "BMI_ljh" target */,
			);
			path = BMI_ljh;
			sourceTree = "<group>";
		};
		06AEB9CC2CE488A700D32DF3 /* BMI_ljhTests */ = {
			isa = PBXFileSystemSynchronizedRootGroup;
			path = BMI_ljhTests;
			sourceTree = "<group>";
		};
		06AEB9D62CE488A700D32DF3 /* BMI_ljhUITests */ = {
			isa = PBXFileSystemSynchronizedRootGroup;
			path = BMI_ljhUITests;
			sourceTree = "<group>";
		};
/* End PBXFileSystemSynchronizedRootGroup section */

/* Begin PBXFrameworksBuildPhase section */
		06AEB9B02CE488A000D32DF3 /* Frameworks */ = {
			isa = PBXFrameworksBuildPhase;
			buildActionMask = 2147483647;
			files = (
			);
			runOnlyForDeploymentPostprocessing = 0;
		};
		06AEB9C62CE488A700D32DF3 /* Frameworks */ = {
			isa = PBXFrameworksBuildPhase;
			buildActionMask = 2147483647;
			files = (
			);
			runOnlyForDeploymentPostprocessing = 0;
		};
		06AEB9D02CE488A700D32DF3 /* Frameworks */ = {
			isa = PBXFrameworksBuildPhase;
			buildActionMask = 2147483647;
			files = (
			);
			runOnlyForDeploymentPostprocessing = 0;
		};
/* End PBXFrameworksBuildPhase section */

/* Begin PBXGroup section */
		06AEB9AA2CE488A000D32DF3 = {
			isa = PBXGroup;
			children = (
				06AEB9B52CE488A000D32DF3 /* BMI_ljh */,
				06AEB9CC2CE488A700D32DF3 /* BMI_ljhTests */,
				06AEB9D62CE488A700D32DF3 /* BMI_ljhUITests */,
				06AEB9B42CE488A000D32DF3 /* Products */,
			);
			sourceTree = "<group>";
		};
		06AEB9B42CE488A000D32DF3 /* Products */ = {
			isa = PBXGroup;
			children = (
				06AEB9B32CE488A000D32DF3 /* BMI_ljh.app */,
				06AEB9C92CE488A700D32DF3 /* BMI_ljhTests.xctest */,
				06AEB9D32CE488A700D32DF3 /* BMI_ljhUITests.xctest */,
			);
			name = Products;
			sourceTree = "<group>";
		};
/* End PBXGroup section */

/* Begin PBXNativeTarget section */
		06AEB9B22CE488A000D32DF3 /* BMI_ljh */ = {
			isa = PBXNativeTarget;
			buildConfigurationList = 06AEB9DC2CE488A700D32DF3 /* Build configuration list for PBXNativeTarget "BMI_ljh" */;
			buildPhases = (
				06AEB9AF2CE488A000D32DF3 /* Sources */,
				06AEB9B02CE488A000D32DF3 /* Frameworks */,
				06AEB9B12CE488A000D32DF3 /* Resources */,
			);
			buildRules = (
			);
			dependencies = (
			);
			fileSystemSynchronizedGroups = (
				06AEB9B52CE488A000D32DF3 /* BMI_ljh */,
			);
			name = BMI_ljh;
			packageProductDependencies = (
			);
			productName = BMI_ljh;
			productReference = 06AEB9B32CE488A000D32DF3 /* BMI_ljh.app */;
			productType = "com.apple.product-type.application";
		};
		06AEB9C82CE488A700D32DF3 /* BMI_ljhTests */ = {
			isa = PBXNativeTarget;
			buildConfigurationList = 06AEB9E12CE488A700D32DF3 /* Build configuration list for PBXNativeTarget "BMI_ljhTests" */;
			buildPhases = (
				06AEB9C52CE488A700D32DF3 /* Sources */,
				06AEB9C62CE488A700D32DF3 /* Frameworks */,
				06AEB9C72CE488A700D32DF3 /* Resources */,
			);
			buildRules = (
			);
			dependencies = (
				06AEB9CB2CE488A700D32DF3 /* PBXTargetDependency */,
			);
			fileSystemSynchronizedGroups = (
				06AEB9CC2CE488A700D32DF3 /* BMI_ljhTests */,
			);
			name = BMI_ljhTests;
			packageProductDependencies = (
			);
			productName = BMI_ljhTests;
			productReference = 06AEB9C92CE488A700D32DF3 /* BMI_ljhTests.xctest */;
			productType = "com.apple.product-type.bundle.unit-test";
		};
		06AEB9D22CE488A700D32DF3 /* BMI_ljhUITests */ = {
			isa = PBXNativeTarget;
			buildConfigurationList = 06AEB9E42CE488A700D32DF3 /* Build configuration list for PBXNativeTarget "BMI_ljhUITests" */;
			buildPhases = (
				06AEB9CF2CE488A700D32DF3 /* Sources */,
				06AEB9D02CE488A700D32DF3 /* Frameworks */,
				06AEB9D12CE488A700D32DF3 /* Resources */,
			);
			buildRules = (
			);
			dependencies = (
				06AEB9D52CE488A700D32DF3 /* PBXTargetDependency */,
			);
			fileSystemSynchronizedGroups = (
				06AEB9D62CE488A700D32DF3 /* BMI_ljhUITests */,
			);
			name = BMI_ljhUITests;
			packageProductDependencies = (
			);
			productName = BMI_ljhUITests;
			productReference = 06AEB9D32CE488A700D32DF3 /* BMI_ljhUITests.xctest */;
			productType = "com.apple.product-type.bundle.ui-testing";
		};
/* End PBXNativeTarget section */

/* Begin PBXProject section */
		06AEB9AB2CE488A000D32DF3 /* Project object */ = {
			isa = PBXProject;
			attributes = {
				BuildIndependentTargetsInParallel = 1;
				LastSwiftUpdateCheck = 1610;
				LastUpgradeCheck = 1610;
				TargetAttributes = {
					06AEB9B22CE488A000D32DF3 = {
						CreatedOnToolsVersion = 16.1;
					};
					06AEB9C82CE488A700D32DF3 = {
						CreatedOnToolsVersion = 16.1;
						TestTargetID = 06AEB9B22CE488A000D32DF3;
					};
					06AEB9D22CE488A700D32DF3 = {
						CreatedOnToolsVersion = 16.1;
						TestTargetID = 06AEB9B22CE488A000D32DF3;
					};
				};
			};
			buildConfigurationList = 06AEB9AE2CE488A000D32DF3 /* Build configuration list for PBXProject "BMI_ljh" */;
			developmentRegion = en;
			hasScannedForEncodings = 0;
			knownRegions = (
				en,
				Base,
			);
			mainGroup = 06AEB9AA2CE488A000D32DF3;
			minimizedProjectReferenceProxies = 1;
			preferredProjectObjectVersion = 77;
			productRefGroup = 06AEB9B42CE488A000D32DF3 /* Products */;
			projectDirPath = "";
			projectRoot = "";
			targets = (
				06AEB9B22CE488A000D32DF3 /* BMI_ljh */,
				06AEB9C82CE488A700D32DF3 /* BMI_ljhTests */,
				06AEB9D22CE488A700D32DF3 /* BMI_ljhUITests */,
			);
		};
/* End PBXProject section */

/* Begin PBXResourcesBuildPhase section */
		06AEB9B12CE488A000D32DF3 /* Resources */ = {
			isa = PBXResourcesBuildPhase;
			buildActionMask = 2147483647;
			files = (
			);
			runOnlyForDeploymentPostprocessing = 0;
		};
		06AEB9C72CE488A700D32DF3 /* Resources */ = {
			isa = PBXResourcesBuildPhase;
			buildActionMask = 2147483647;
			files = (
			);
			runOnlyForDeploymentPostprocessing = 0;
		};
		06AEB9D12CE488A700D32DF3 /* Resources */ = {
			isa = PBXResourcesBuildPhase;
			buildActionMask = 2147483647;
			files = (
			);
			runOnlyForDeploymentPostprocessing = 0;
		};
/* End PBXResourcesBuildPhase section */

/* Begin PBXSourcesBuildPhase section */
		06AEB9AF2CE488A000D32DF3 /* Sources */ = {
			isa = PBXSourcesBuildPhase;
			buildActionMask = 2147483647;
			files = (
			);
			runOnlyForDeploymentPostprocessing = 0;
		};
		06AEB9C52CE488A700D32DF3 /* Sources */ = {
			isa = PBXSourcesBuildPhase;
			buildActionMask = 2147483647;
			files = (
			);
			runOnlyForDeploymentPostprocessing = 0;
		};
		06AEB9CF2CE488A700D32DF3 /* Sources */ = {
			isa = PBXSourcesBuildPhase;
			buildActionMask = 2147483647;
			files = (
			);
			runOnlyForDeploymentPostprocessing = 0;
		};
/* End PBXSourcesBuildPhase section */

/* Begin PBXTargetDependency section */
		06AEB9CB2CE488A700D32DF3 /* PBXTargetDependency */ = {
			isa = PBXTargetDependency;
			target = 06AEB9B22CE488A000D32DF3 /* BMI_ljh */;
			targetProxy = 06AEB9CA2CE488A700D32DF3 /* PBXContainerItemProxy */;
		};
		06AEB9D52CE488A700D32DF3 /* PBXTargetDependency */ = {
			isa = PBXTargetDependency;
			target = 06AEB9B22CE488A000D32DF3 /* BMI_ljh */;
			targetProxy = 06AEB9D42CE488A700D32DF3 /* PBXContainerItemProxy */;
		};
/* End PBXTargetDependency section */

/* Begin XCBuildConfiguration section */
		06AEB9DD2CE488A700D32DF3 /* Debug */ = {
			isa = XCBuildConfiguration;
			buildSettings = {
				ASSETCATALOG_COMPILER_APPICON_NAME = AppIcon;
				ASSETCATALOG_COMPILER_GLOBAL_ACCENT_COLOR_NAME = AccentColor;
				CODE_SIGN_STYLE = Automatic;
				CURRENT_PROJECT_VERSION = 1;
				GENERATE_INFOPLIST_FILE = YES;
				INFOPLIST_FILE = BMI_ljh/Info.plist;
				INFOPLIST_KEY_UIApplicationSupportsIndirectInputEvents = YES;
				INFOPLIST_KEY_UILaunchStoryboardName = LaunchScreen;
				INFOPLIST_KEY_UIMainStoryboardFile = Main;
				INFOPLIST_KEY_UISupportedInterfaceOrientations_iPad = "UIInterfaceOrientationPortrait UIInterfaceOrientationPortraitUpsideDown UIInterfaceOrientationLandscapeLeft UIInterfaceOrientationLandscapeRight";
				INFOPLIST_KEY_UISupportedInterfaceOrientations_iPhone = "UIInterfaceOrientationPortrait UIInterfaceOrientationLandscapeLeft UIInterfaceOrientationLandscapeRight";
				LD_RUNPATH_SEARCH_PATHS = (
					"$(inherited)",
					"@executable_path/Frameworks",
				);
				MARKETING_VERSION = 1.0;
				PRODUCT_BUNDLE_IDENTIFIER = "kr.ac.induk.ljh.BMI-ljh";
				PRODUCT_NAME = "$(TARGET_NAME)";
				SWIFT_EMIT_LOC_STRINGS = YES;
				SWIFT_VERSION = 5.0;
				TARGETED_DEVICE_FAMILY = "1,2";
			};
			name = Debug;
		};
		06AEB9DE2CE488A700D32DF3 /* Release */ = {
			isa = XCBuildConfiguration;
			buildSettings = {
				ASSETCATALOG_COMPILER_APPICON_NAME = AppIcon;
				ASSETCATALOG_COMPILER_GLOBAL_ACCENT_COLOR_NAME = AccentColor;
				CODE_SIGN_STYLE = Automatic;
				CURRENT_PROJECT_VERSION = 1;
				GENERATE_INFOPLIST_FILE = YES;
				INFOPLIST_FILE = BMI_ljh/Info.plist;
				INFOPLIST_KEY_UIApplicationSupportsIndirectInputEvents = YES;
				INFOPLIST_KEY_UILaunchStoryboardName = LaunchScreen;
				INFOPLIST_KEY_UIMainStoryboardFile = Main;
				INFOPLIST_KEY_UISupportedInterfaceOrientations_iPad = "UIInterfaceOrientationPortrait UIInterfaceOrientationPortraitUpsideDown UIInterfaceOrientationLandscapeLeft UIInterfaceOrientationLandscapeRight";
				INFOPLIST_KEY_UISupportedInterfaceOrientations_iPhone = "UIInterfaceOrientationPortrait UIInterfaceOrientationLandscapeLeft UIInterfaceOrientationLandscapeRight";
				LD_RUNPATH_SEARCH_PATHS = (
					"$(inherited)",
					"@executable_path/Frameworks",
				);
				MARKETING_VERSION = 1.0;
				PRODUCT_BUNDLE_IDENTIFIER = "kr.ac.induk.ljh.BMI-ljh";
				PRODUCT_NAME = "$(TARGET_NAME)";
				SWIFT_EMIT_LOC_STRINGS = YES;
				SWIFT_VERSION = 5.0;
				TARGETED_DEVICE_FAMILY = "1,2";
			};
			name = Release;
		};
		06AEB9DF2CE488A700D32DF3 /* Debug */ = {
			isa = XCBuildConfiguration;
			buildSettings = {
				ALWAYS_SEARCH_USER_PATHS = NO;
				ASSETCATALOG_COMPILER_GENERATE_SWIFT_ASSET_SYMBOL_EXTENSIONS = YES;
				CLANG_ANALYZER_NONNULL = YES;
				CLANG_ANALYZER_NUMBER_OBJECT_CONVERSION = YES_AGGRESSIVE;
				CLANG_CXX_LANGUAGE_STANDARD = "gnu++20";
				CLANG_ENABLE_MODULES = YES;
				CLANG_ENABLE_OBJC_ARC = YES;
				CLANG_ENABLE_OBJC_WEAK = YES;
				CLANG_WARN_BLOCK_CAPTURE_AUTORELEASING = YES;
				CLANG_WARN_BOOL_CONVERSION = YES;
				CLANG_WARN_COMMA = YES;
				CLANG_WARN_CONSTANT_CONVERSION = YES;
				CLANG_WARN_DEPRECATED_OBJC_IMPLEMENTATIONS = YES;
				CLANG_WARN_DIRECT_OBJC_ISA_USAGE = YES_ERROR;
				CLANG_WARN_DOCUMENTATION_COMMENTS = YES;
				CLANG_WARN_EMPTY_BODY = YES;
				CLANG_WARN_ENUM_CONVERSION = YES;
				CLANG_WARN_INFINITE_RECURSION = YES;
				CLANG_WARN_INT_CONVERSION = YES;
				CLANG_WARN_NON_LITERAL_NULL_CONVERSION = YES;
				CLANG_WARN_OBJC_IMPLICIT_RETAIN_SELF = YES;
				CLANG_WARN_OBJC_LITERAL_CONVERSION = YES;
				CLANG_WARN_OBJC_ROOT_CLASS = YES_ERROR;
				CLANG_WARN_QUOTED_INCLUDE_IN_FRAMEWORK_HEADER = YES;
				CLANG_WARN_RANGE_LOOP_ANALYSIS = YES;
				CLANG_WARN_STRICT_PROTOTYPES = YES;
				CLANG_WARN_SUSPICIOUS_MOVE = YES;
				CLANG_WARN_UNGUARDED_AVAILABILITY = YES_AGGRESSIVE;
				CLANG_WARN_UNREACHABLE_CODE = YES;
				CLANG_WARN__DUPLICATE_METHOD_MATCH = YES;
				COPY_PHASE_STRIP = NO;
				DEBUG_INFORMATION_FORMAT = dwarf;
				ENABLE_STRICT_OBJC_MSGSEND = YES;
				ENABLE_TESTABILITY = YES;
				ENABLE_USER_SCRIPT_SANDBOXING = YES;
				GCC_C_LANGUAGE_STANDARD = gnu17;
				GCC_DYNAMIC_NO_PIC = NO;
				GCC_NO_COMMON_BLOCKS = YES;
				GCC_OPTIMIZATION_LEVEL = 0;
				GCC_PREPROCESSOR_DEFINITIONS = (
					"DEBUG=1",
					"$(inherited)",
				);
				GCC_WARN_64_TO_32_BIT_CONVERSION = YES;
				GCC_WARN_ABOUT_RETURN_TYPE = YES_ERROR;
				GCC_WARN_UNDECLARED_SELECTOR = YES;
				GCC_WARN_UNINITIALIZED_AUTOS = YES_AGGRESSIVE;
				GCC_WARN_UNUSED_FUNCTION = YES;
				GCC_WARN_UNUSED_VARIABLE = YES;
				IPHONEOS_DEPLOYMENT_TARGET = 18.1;
				LOCALIZATION_PREFERS_STRING_CATALOGS = YES;
				MTL_ENABLE_DEBUG_INFO = INCLUDE_SOURCE;
				MTL_FAST_MATH = YES;
				ONLY_ACTIVE_ARCH = YES;
				SDKROOT = iphoneos;
				SWIFT_ACTIVE_COMPILATION_CONDITIONS = "DEBUG $(inherited)";
				SWIFT_OPTIMIZATION_LEVEL = "-Onone";
			};
			name = Debug;
		};
		06AEB9E02CE488A700D32DF3 /* Release */ = {
			isa = XCBuildConfiguration;
			buildSettings = {
				ALWAYS_SEARCH_USER_PATHS = NO;
				ASSETCATALOG_COMPILER_GENERATE_SWIFT_ASSET_SYMBOL_EXTENSIONS = YES;
				CLANG_ANALYZER_NONNULL = YES;
				CLANG_ANALYZER_NUMBER_OBJECT_CONVERSION = YES_AGGRESSIVE;
				CLANG_CXX_LANGUAGE_STANDARD = "gnu++20";
				CLANG_ENABLE_MODULES = YES;
				CLANG_ENABLE_OBJC_ARC = YES;
				CLANG_ENABLE_OBJC_WEAK = YES;
				CLANG_WARN_BLOCK_CAPTURE_AUTORELEASING = YES;
				CLANG_WARN_BOOL_CONVERSION = YES;
				CLANG_WARN_COMMA = YES;
				CLANG_WARN_CONSTANT_CONVERSION = YES;
				CLANG_WARN_DEPRECATED_OBJC_IMPLEMENTATIONS = YES;
				CLANG_WARN_DIRECT_OBJC_ISA_USAGE = YES_ERROR;
				CLANG_WARN_DOCUMENTATION_COMMENTS = YES;
				CLANG_WARN_EMPTY_BODY = YES;
				CLANG_WARN_ENUM_CONVERSION = YES;
				CLANG_WARN_INFINITE_RECURSION = YES;
				CLANG_WARN_INT_CONVERSION = YES;
				CLANG_WARN_NON_LITERAL_NULL_CONVERSION = YES;
				CLANG_WARN_OBJC_IMPLICIT_RETAIN_SELF = YES;
				CLANG_WARN_OBJC_LITERAL_CONVERSION = YES;
				CLANG_WARN_OBJC_ROOT_CLASS = YES_ERROR;
				CLANG_WARN_QUOTED_INCLUDE_IN_FRAMEWORK_HEADER = YES;
				CLANG_WARN_RANGE_LOOP_ANALYSIS = YES;
				CLANG_WARN_STRICT_PROTOTYPES = YES;
				CLANG_WARN_SUSPICIOUS_MOVE = YES;
				CLANG_WARN_UNGUARDED_AVAILABILITY = YES_AGGRESSIVE;
				CLANG_WARN_UNREACHABLE_CODE = YES;
				CLANG_WARN__DUPLICATE_METHOD_MATCH = YES;
				COPY_PHASE_STRIP = NO;
				DEBUG_INFORMATION_FORMAT = "dwarf-with-dsym";
				ENABLE_NS_ASSERTIONS = NO;
				ENABLE_STRICT_OBJC_MSGSEND = YES;
				ENABLE_USER_SCRIPT_SANDBOXING = YES;
				GCC_C_LANGUAGE_STANDARD = gnu17;
				GCC_NO_COMMON_BLOCKS = YES;
				GCC_WARN_64_TO_32_BIT_CONVERSION = YES;
				GCC_WARN_ABOUT_RETURN_TYPE = YES_ERROR;
				GCC_WARN_UNDECLARED_SELECTOR = YES;
				GCC_WARN_UNINITIALIZED_AUTOS = YES_AGGRESSIVE;
				GCC_WARN_UNUSED_FUNCTION = YES;
				GCC_WARN_UNUSED_VARIABLE = YES;
				IPHONEOS_DEPLOYMENT_TARGET = 18.1;
				LOCALIZATION_PREFERS_STRING_CATALOGS = YES;
				MTL_ENABLE_DEBUG_INFO = NO;
				MTL_FAST_MATH = YES;
				SDKROOT = iphoneos;
				SWIFT_COMPILATION_MODE = wholemodule;
				VALIDATE_PRODUCT = YES;
			};
			name = Release;
		};
		06AEB9E22CE488A700D32DF3 /* Debug */ = {
			isa = XCBuildConfiguration;
			buildSettings = {
				BUNDLE_LOADER = "$(TEST_HOST)";
				CODE_SIGN_STYLE = Automatic;
				CURRENT_PROJECT_VERSION = 1;
				GENERATE_INFOPLIST_FILE = YES;
				IPHONEOS_DEPLOYMENT_TARGET = 18.1;
				MARKETING_VERSION = 1.0;
				PRODUCT_BUNDLE_IDENTIFIER = "kr.ac.induk.ljh.BMI-ljhTests";
				PRODUCT_NAME = "$(TARGET_NAME)";
				SWIFT_EMIT_LOC_STRINGS = NO;
				SWIFT_VERSION = 5.0;
				TARGETED_DEVICE_FAMILY = "1,2";
				TEST_HOST = "$(BUILT_PRODUCTS_DIR)/BMI_ljh.app/$(BUNDLE_EXECUTABLE_FOLDER_PATH)/BMI_ljh";
			};
			name = Debug;
		};
		06AEB9E32CE488A700D32DF3 /* Release */ = {
			isa = XCBuildConfiguration;
			buildSettings = {
				BUNDLE_LOADER = "$(TEST_HOST)";
				CODE_SIGN_STYLE = Automatic;
				CURRENT_PROJECT_VERSION = 1;
				GENERATE_INFOPLIST_FILE = YES;
				IPHONEOS_DEPLOYMENT_TARGET = 18.1;
				MARKETING_VERSION = 1.0;
				PRODUCT_BUNDLE_IDENTIFIER = "kr.ac.induk.ljh.BMI-ljhTests";
				PRODUCT_NAME = "$(TARGET_NAME)";
				SWIFT_EMIT_LOC_STRINGS = NO;
				SWIFT_VERSION = 5.0;
				TARGETED_DEVICE_FAMILY = "1,2";
				TEST_HOST = "$(BUILT_PRODUCTS_DIR)/BMI_ljh.app/$(BUNDLE_EXECUTABLE_FOLDER_PATH)/BMI_ljh";
			};
			name = Release;
		};
		06AEB9E52CE488A700D32DF3 /* Debug */ = {
			isa = XCBuildConfiguration;
			buildSettings = {
				CODE_SIGN_STYLE = Automatic;
				CURRENT_PROJECT_VERSION = 1;
				GENERATE_INFOPLIST_FILE = YES;
				MARKETING_VERSION = 1.0;
				PRODUCT_BUNDLE_IDENTIFIER = "kr.ac.induk.ljh.BMI-ljhUITests";
				PRODUCT_NAME = "$(TARGET_NAME)";
				SWIFT_EMIT_LOC_STRINGS = NO;
				SWIFT_VERSION = 5.0;
				TARGETED_DEVICE_FAMILY = "1,2";
				TEST_TARGET_NAME = BMI_ljh;
			};
			name = Debug;
		};
		06AEB9E62CE488A700D32DF3 /* Release */ = {
			isa = XCBuildConfiguration;
			buildSettings = {
				CODE_SIGN_STYLE = Automatic;
				CURRENT_PROJECT_VERSION = 1;
				GENERATE_INFOPLIST_FILE = YES;
				MARKETING_VERSION = 1.0;
				PRODUCT_BUNDLE_IDENTIFIER = "kr.ac.induk.ljh.BMI-ljhUITests";
				PRODUCT_NAME = "$(TARGET_NAME)";
				SWIFT_EMIT_LOC_STRINGS = NO;
				SWIFT_VERSION = 5.0;
				TARGETED_DEVICE_FAMILY = "1,2";
				TEST_TARGET_NAME = BMI_ljh;
			};
			name = Release;
		};
/* End XCBuildConfiguration section */

/* Begin XCConfigurationList section */
		06AEB9AE2CE488A000D32DF3 /* Build configuration list for PBXProject "BMI_ljh" */ = {
			isa = XCConfigurationList;
			buildConfigurations = (
				06AEB9DF2CE488A700D32DF3 /* Debug */,
				06AEB9E02CE488A700D32DF3 /* Release */,
			);
			defaultConfigurationIsVisible = 0;
			defaultConfigurationName = Release;
		};
		06AEB9DC2CE488A700D32DF3 /* Build configuration list for PBXNativeTarget "BMI_ljh" */ = {
			isa = XCConfigurationList;
			buildConfigurations = (
				06AEB9DD2CE488A700D32DF3 /* Debug */,
				06AEB9DE2CE488A700D32DF3 /* Release */,
			);
			defaultConfigurationIsVisible = 0;
			defaultConfigurationName = Release;
		};
		06AEB9E12CE488A700D32DF3 /* Build configuration list for PBXNativeTarget "BMI_ljhTests" */ = {
			isa = XCConfigurationList;
			buildConfigurations = (
				06AEB9E22CE488A700D32DF3 /* Debug */,
				06AEB9E32CE488A700D32DF3 /* Release */,
			);
			defaultConfigurationIsVisible = 0;
			defaultConfigurationName = Release;
		};
		06AEB9E42CE488A700D32DF3 /* Build configuration list for PBXNativeTarget "BMI_ljhUITests" */ = {
			isa = XCConfigurationList;
			buildConfigurations = (
				06AEB9E52CE488A700D32DF3 /* Debug */,
				06AEB9E62CE488A700D32DF3 /* Release */,
			);
			defaultConfigurationIsVisible = 0;
			defaultConfigurationName = Release;
		};
/* End XCConfigurationList section */
	};
	rootObject = 06AEB9AB2CE488A000D32DF3 /* Project object */;
}
